PODS:
  - DeckTransition (1.3.3)
  - SnapKit (4.0.0)

DEPENDENCIES:
  - DeckTransition (~> 1.0)
  - SnapKit (~> 4.0.0)

SPEC CHECKSUMS:
  DeckTransition: e436b480d5079b958eec4b956476152a4bffea76
  SnapKit: a42d492c16e80209130a3379f73596c3454b7694

PODFILE CHECKSUM: f8b9215dd23a30ba7094494bc0d19e9db239d173

COCOAPODS: 1.3.1
